
Microsoft Visual Studio Solution File, Format Version 12.00
# Visual Studio Version 17
VisualStudioVersion = 17.0.31912.275
MinimumVisualStudioVersion = 10.0.40219.1
Project("{FAE04EC0-301F-11D3-BF4B-00C04F79EFBC}") = "TaskDelaySchedule", "TaskDelaySchedule\TaskDelaySchedule.csproj", "{A2E35A04-A4C0-4E53-99A2-E1CA331FC831}"
EndProject
Project("{FAE04EC0-301F-11D3-BF4B-00C04F79EFBC}") = "Lambda", "Lambda\Lambda.csproj", "{0EAB8763-9E71-468A-AE44-E9A106DB5140}"
EndProject
Global
	GlobalSection(SolutionConfigurationPlatforms) = preSolution
		Debug|Any CPU = Debug|Any CPU
		Release|Any CPU = Release|Any CPU
	EndGlobalSection
	GlobalSection(ProjectConfigurationPlatforms) = postSolution
		{A2E35A04-A4C0-4E53-99A2-E1CA331FC831}.Debug|Any CPU.ActiveCfg = Debug|Any CPU
		{A2E35A04-A4C0-4E53-99A2-E1CA331FC831}.Debug|Any CPU.Build.0 = Debug|Any CPU
		{A2E35A04-A4C0-4E53-99A2-E1CA331FC831}.Release|Any CPU.ActiveCfg = Release|Any CPU
		{A2E35A04-A4C0-4E53-99A2-E1CA331FC831}.Release|Any CPU.Build.0 = Release|Any CPU
		{0EAB8763-9E71-468A-AE44-E9A106DB5140}.Debug|Any CPU.ActiveCfg = Debug|Any CPU
		{0EAB8763-9E71-468A-AE44-E9A106DB5140}.Debug|Any CPU.Build.0 = Debug|Any CPU
		{0EAB8763-9E71-468A-AE44-E9A106DB5140}.Release|Any CPU.ActiveCfg = Release|Any CPU
		{0EAB8763-9E71-468A-AE44-E9A106DB5140}.Release|Any CPU.Build.0 = Release|Any CPU
	EndGlobalSection
	GlobalSection(SolutionProperties) = preSolution
		HideSolutionNode = FALSE
	EndGlobalSection
	GlobalSection(ExtensibilityGlobals) = postSolution
		SolutionGuid = {6BF00CB1-4F1D-4127-825B-F2490224FCB2}
	EndGlobalSection
EndGlobal
